
Microsoft Visual Studio Solution File, Format Version 12.00
# Visual Studio Version 16
VisualStudioVersion = 25.0.1705.1
MinimumVisualStudioVersion = 10.0.40219.1
Project("{FAE04EC0-301F-11D3-BF4B-00C04F79EFBC}") = "Calculadora Básica Assombrada", "Calculadora Básica Assombrada\Calculadora Básica Assombrada.csproj", "{2A5DAD03-5310-44D1-B87A-DB8E46EDB919}"
EndProject
Global
	GlobalSection(SolutionConfigurationPlatforms) = preSolution
		Debug|Any CPU = Debug|Any CPU
		Release|Any CPU = Release|Any CPU
	EndGlobalSection
	GlobalSection(ProjectConfigurationPlatforms) = postSolution
		{2A5DAD03-5310-44D1-B87A-DB8E46EDB919}.Debug|Any CPU.ActiveCfg = Debug|Any CPU
		{2A5DAD03-5310-44D1-B87A-DB8E46EDB919}.Debug|Any CPU.Build.0 = Debug|Any CPU
		{2A5DAD03-5310-44D1-B87A-DB8E46EDB919}.Release|Any CPU.ActiveCfg = Release|Any CPU
		{2A5DAD03-5310-44D1-B87A-DB8E46EDB919}.Release|Any CPU.Build.0 = Release|Any CPU
	EndGlobalSection
	GlobalSection(SolutionProperties) = preSolution
		HideSolutionNode = FALSE
	EndGlobalSection
	GlobalSection(ExtensibilityGlobals) = postSolution
		SolutionGuid = {1EE27BAF-ABEE-4FF8-84EF-19E995240095}
	EndGlobalSection
EndGlobal
